PODS:
  - CocoaAsyncSocket (7.6.5)
  - Flutter (1.0.0)
  - fluttertoast (0.0.2):
    - Flutter
  - frontegg_flutter (1.0.28):
    - Flutter
    - FronteggSwift (= 1.2.63)
  - FronteggSwift (1.2.63)
  - integration_test (0.0.1):
    - Flutter
  - path_provider_foundation (0.0.1):
    - Flutter
    - FlutterMacOS
  - patrol (0.0.1):
    - CocoaAsyncSocket (~> 7.6)
    - Flutter
    - FlutterMacOS
  - url_launcher_ios (0.0.1):
    - Flutter

DEPENDENCIES:
  - Flutter (from `Flutter`)
  - fluttertoast (from `.symlinks/plugins/fluttertoast/ios`)
  - frontegg_flutter (from `.symlinks/plugins/frontegg_flutter/ios`)
  - FronteggSwift (= 1.2.63)
  - integration_test (from `.symlinks/plugins/integration_test/ios`)
  - path_provider_foundation (from `.symlinks/plugins/path_provider_foundation/darwin`)
  - patrol (from `.symlinks/plugins/patrol/darwin`)
  - url_launcher_ios (from `.symlinks/plugins/url_launcher_ios/ios`)

SPEC REPOS:
  trunk:
    - CocoaAsyncSocket
    - FronteggSwift

EXTERNAL SOURCES:
  Flutter:
    :path: Flutter
  fluttertoast:
    :path: ".symlinks/plugins/fluttertoast/ios"
  frontegg_flutter:
    :path: ".symlinks/plugins/frontegg_flutter/ios"
  integration_test:
    :path: ".symlinks/plugins/integration_test/ios"
  path_provider_foundation:
    :path: ".symlinks/plugins/path_provider_foundation/darwin"
  patrol:
    :path: ".symlinks/plugins/patrol/darwin"
  url_launcher_ios:
    :path: ".symlinks/plugins/url_launcher_ios/ios"

SPEC CHECKSUMS:
  CocoaAsyncSocket: 065fd1e645c7abab64f7a6a2007a48038fdc6a99
  Flutter: cabc95a1d2626b1b06e7179b784ebcf0c0cde467
  fluttertoast: 21eecd6935e7064cc1fcb733a4c5a428f3f24f0f
  frontegg_flutter: 74d0c90b11fb03e41789b1e727873b30940c672f
  FronteggSwift: 23e4f1014fd6d40a7dfb1e60f5c7c3362da7f057
  integration_test: 252f60fa39af5e17c3aa9899d35d908a0721b573
  path_provider_foundation: 2b6b4c569c0fb62ec74538f866245ac84301af46
  patrol: cf2cd48c7f3e5171610111994f7b466cd76d1f57
  url_launcher_ios: 5334b05cef931de560670eeae103fd3e431ac3fe

PODFILE CHECKSUM: 245142cae260d9989bf69a57854e1363741e89eb

COCOAPODS: 1.16.2
