{
  "pins" : [
    {
      "identity" : "frontegg-ios-swift",
      "kind" : "remoteSourceControl",
      "location" : "https://github.com/frontegg/frontegg-ios-swift.git",
      "state" : {
        "revision" : "e702dd7d4fedd1290cee9ca9a72b0b8ed24a2fd3",
        "version" : "1.3.10"
      }
    },
    {
      "identity" : "sentry-cocoa",
      "kind" : "remoteSourceControl",
      "location" : "https://github.com/getsentry/sentry-cocoa.git",
      "state" : {
        "revision" : "16cd512711375fa73f25ae5e373f596bdf4251ae",
        "version" : "8.58.0"
      }
    }
  ],
  "version" : 2
}
