PODS:
  - Flutter (1.0.0)
  - frontegg_flutter (1.0.2):
    - Flutter
    - FronteggSwift (~> 1.2.21)
  - FronteggSwift (1.2.21)
  - integration_test (0.0.1):
    - Flutter

DEPENDENCIES:
  - Flutter (from `Flutter`)
  - frontegg_flutter (from `.symlinks/plugins/frontegg_flutter/ios`)
  - integration_test (from `.symlinks/plugins/integration_test/ios`)

SPEC REPOS:
  trunk:
    - FronteggSwift

EXTERNAL SOURCES:
  Flutter:
    :path: Flutter
  frontegg_flutter:
    :path: ".symlinks/plugins/frontegg_flutter/ios"
  integration_test:
    :path: ".symlinks/plugins/integration_test/ios"

SPEC CHECKSUMS:
  Flutter: e0871f40cf51350855a761d2e70bf5af5b9b5de7
  frontegg_flutter: 4901b49dd0d9565b783c67a9d2fb8bafe600dc38
  FronteggSwift: b7eba3a2d7ab0fa89c793c32c1be31c64b27db42
  integration_test: 252f60fa39af5e17c3aa9899d35d908a0721b573

PODFILE CHECKSUM: 1959d098c91d8a792531a723c4a9d7e9f6a01e38

COCOAPODS: 1.15.2
