PODS:
  - CocoaAsyncSocket (7.6.5)
  - Flutter (1.0.0)
  - frontegg_flutter (1.0.14):
    - Flutter
    - FronteggSwift (~> 1.2.43)
  - FronteggSwift (1.2.43)
  - integration_test (0.0.1):
    - Flutter
  - patrol (0.0.1):
    - CocoaAsyncSocket (~> 7.6)
    - Flutter
    - FlutterMacOS

DEPENDENCIES:
  - Flutter (from `Flutter`)
  - frontegg_flutter (from `.symlinks/plugins/frontegg_flutter/ios`)
  - integration_test (from `.symlinks/plugins/integration_test/ios`)
  - patrol (from `.symlinks/plugins/patrol/darwin`)

SPEC REPOS:
  trunk:
    - CocoaAsyncSocket
    - FronteggSwift

EXTERNAL SOURCES:
  Flutter:
    :path: Flutter
  frontegg_flutter:
    :path: ".symlinks/plugins/frontegg_flutter/ios"
  integration_test:
    :path: ".symlinks/plugins/integration_test/ios"
  patrol:
    :path: ".symlinks/plugins/patrol/darwin"

SPEC CHECKSUMS:
  CocoaAsyncSocket: 065fd1e645c7abab64f7a6a2007a48038fdc6a99
  Flutter: e0871f40cf51350855a761d2e70bf5af5b9b5de7
  frontegg_flutter: 156d3a4c92d63a1439e080cd18fce521be69642f
  FronteggSwift: ce10c4426fd126ce2d386d0cd78dfc56f5868a90
  integration_test: 252f60fa39af5e17c3aa9899d35d908a0721b573
  patrol: 0564cee315ff6c86fb802b3647db05cc2d3d0624

PODFILE CHECKSUM: c9be09f6a61958d6788db8b9ee489767b65cfa92

COCOAPODS: 1.16.2
